Microsoft Visual Studio Solution File, Format Version 11.00
# Visual Studio 2008

Project("{96877FDB-C31A-C555-272D-119B3FB1BBEE}") = "states_of_light", "Assembly-CSharp.csproj", "{82D81B1B-1B27-A90D-9703-B500865FEBBE}"
EndProject
Global
	GlobalSection(SolutionConfigurationPlatforms) = preSolution
		Debug|Any CPU = Debug|Any CPU
		Release|Any CPU = Release|Any CPU
	EndGlobalSection
	GlobalSection(ProjectConfigurationPlatforms) = postSolution
		{82D81B1B-1B27-A90D-9703-B500865FEBBE}.Debug|Any CPU.ActiveCfg = Debug|Any CPU
		{82D81B1B-1B27-A90D-9703-B500865FEBBE}.Debug|Any CPU.Build.0 = Debug|Any CPU
		{82D81B1B-1B27-A90D-9703-B500865FEBBE}.Release|Any CPU.ActiveCfg = Release|Any CPU
		{82D81B1B-1B27-A90D-9703-B500865FEBBE}.Release|Any CPU.Build.0 = Release|Any CPU
	EndGlobalSection
	GlobalSection(SolutionProperties) = preSolution
		HideSolutionNode = FALSE
	EndGlobalSection
																																																									GlobalSection(MonoDevelopProperties) = preSolution
=======
																																																						GlobalSection(MonoDevelopProperties) = preSolution
>>>>>>> d99ad6be501ed322fd7d8041dbf9ad8d41233797
=======
>>>>>>> f1767e40fc7f401db38d33e34ab82dd0848baff0
																																																				GlobalSection(MonoDevelopProperties) = preSolution
=======
																																								GlobalSection(MonoDevelopProperties) = preSolution
>>>>>>> 375e2aa757f5ffc70102e91b270556dcdb907e4c
=======
																																																GlobalSection(MonoDevelopProperties) = preSolution
>>>>>>> df463b43ffae748652ab0e3d878ed4b0906c5b47
>>>>>>> b3ec89c603564ec46620f77fa20f83665bad76f4
=======
																			GlobalSection(MonoDevelopProperties) = preSolution
>>>>>>> f3e4b579e048739c9f1079efe3fa8e6a1d64fae9
=======
																																																																																																																				GlobalSection(MonoDevelopProperties) = preSolution
=======
																																																																																																												GlobalSection(MonoDevelopProperties) = preSolution
>>>>>>> ccbfa83d115c03d3970199488292fc7ccae8deec
=======
																																																																																													GlobalSection(MonoDevelopProperties) = preSolution
>>>>>>> b150e47ed824f129ce5d225c9f6a278d1bdfc1b8
=======
																																																																																			GlobalSection(MonoDevelopProperties) = preSolution
>>>>>>> fb90babcd323b8e75dd9902bad2c4e4d88de6ca4
=======
																																																																										GlobalSection(MonoDevelopProperties) = preSolution
>>>>>>> 6a42c4c5fa19e0156831a81f226cff3519d9751f
=======
																																																																														GlobalSection(MonoDevelopProperties) = preSolution
>>>>>>> 0f7edc1d7efef3d7d6ad1971396840f5edb4c94b
>>>>>>> 3fcd30dc036b9d4723c57d45b8a94cd747f517db
		StartupItem = Assembly-CSharp.csproj
		Policies = $0
		$0.TextStylePolicy = $1
		$1.inheritsSet = null
		$1.scope = text/x-csharp
		$0.CSharpFormattingPolicy = $2
		$2.inheritsSet = Mono
		$2.inheritsScope = text/x-csharp
		$2.scope = text/x-csharp
		$0.TextStylePolicy = $3
		$3.FileWidth = 120
		$3.TabWidth = 4
		$3.IndentWidth = 4
		$3.EolMarker = Unix
		$3.inheritsSet = Mono
		$3.inheritsScope = text/plain
		$3.scope = text/plain
	EndGlobalSection

EndGlobal
